
Microsoft Visual Studio Solution File, Format Version 12.00
Project("{FAE04EC0-301F-11D3-BF4B-00C04F79EFBC}") = "Task_25", "Task_25\Task_25.csproj", "{A6C85B37-135A-48C6-AEE9-A6B3A402677F}"
EndProject
Project("{FAE04EC0-301F-11D3-BF4B-00C04F79EFBC}") = "Task_27", "Task_27\Task_27.csproj", "{35BD45BC-8199-4625-9CC2-4ED19713C475}"
EndProject
Project("{FAE04EC0-301F-11D3-BF4B-00C04F79EFBC}") = "Task_29", "Task_29\Task_29.csproj", "{76D363E6-D59A-4008-B978-03BF46D22BF4}"
EndProject
Global
	GlobalSection(SolutionConfigurationPlatforms) = preSolution
		Debug|Any CPU = Debug|Any CPU
		Release|Any CPU = Release|Any CPU
	EndGlobalSection
	GlobalSection(ProjectConfigurationPlatforms) = postSolution
		{A6C85B37-135A-48C6-AEE9-A6B3A402677F}.Debug|Any CPU.ActiveCfg = Debug|Any CPU
		{A6C85B37-135A-48C6-AEE9-A6B3A402677F}.Debug|Any CPU.Build.0 = Debug|Any CPU
		{A6C85B37-135A-48C6-AEE9-A6B3A402677F}.Release|Any CPU.ActiveCfg = Release|Any CPU
		{A6C85B37-135A-48C6-AEE9-A6B3A402677F}.Release|Any CPU.Build.0 = Release|Any CPU
		{35BD45BC-8199-4625-9CC2-4ED19713C475}.Debug|Any CPU.ActiveCfg = Debug|Any CPU
		{35BD45BC-8199-4625-9CC2-4ED19713C475}.Debug|Any CPU.Build.0 = Debug|Any CPU
		{35BD45BC-8199-4625-9CC2-4ED19713C475}.Release|Any CPU.ActiveCfg = Release|Any CPU
		{35BD45BC-8199-4625-9CC2-4ED19713C475}.Release|Any CPU.Build.0 = Release|Any CPU
		{76D363E6-D59A-4008-B978-03BF46D22BF4}.Debug|Any CPU.ActiveCfg = Debug|Any CPU
		{76D363E6-D59A-4008-B978-03BF46D22BF4}.Debug|Any CPU.Build.0 = Debug|Any CPU
		{76D363E6-D59A-4008-B978-03BF46D22BF4}.Release|Any CPU.ActiveCfg = Release|Any CPU
		{76D363E6-D59A-4008-B978-03BF46D22BF4}.Release|Any CPU.Build.0 = Release|Any CPU
	EndGlobalSection
EndGlobal
